// !$*UTF8*$!
{
	archiveVersion = 1;
	classes = {
	};
	objectVersion = 48;
	objects = {

/* Begin PBXBuildFile section */
		4BF4FC812028AAC000A1E8F8 /* AppDelegate.swift in Sources */ = {isa = PBXBuildFile; fileRef = 4BF4FC802028AAC000A1E8F8 /* AppDelegate.swift */; };
		4BF4FC832028AAC000A1E8F8 /* ViewController.swift in Sources */ = {isa = PBXBuildFile; fileRef = 4BF4FC822028AAC000A1E8F8 /* ViewController.swift */; };
		4BF4FC862028AAC000A1E8F8 /* Main.storyboard in Resources */ = {isa = PBXBuildFile; fileRef = 4BF4FC842028AAC000A1E8F8 /* Main.storyboard */; };
		4BF4FC882028AAC000A1E8F8 /* Assets.xcassets in Resources */ = {isa = PBXBuildFile; fileRef = 4BF4FC872028AAC000A1E8F8 /* Assets.xcassets */; };
		4BF4FC8B2028AAC000A1E8F8 /* LaunchScreen.storyboard in Resources */ = {isa = PBXBuildFile; fileRef = 4BF4FC892028AAC000A1E8F8 /* LaunchScreen.storyboard */; };
		4BF4FC962028AAC100A1E8F8 /* WaltTests.swift in Sources */ = {isa = PBXBuildFile; fileRef = 4BF4FC952028AAC100A1E8F8 /* WaltTests.swift */; };
		4BF4FCA12028AAC100A1E8F8 /* WaltUITests.swift in Sources */ = {isa = PBXBuildFile; fileRef = 4BF4FCA02028AAC100A1E8F8 /* WaltUITests.swift */; };
/* End PBXBuildFile section */

/* Begin PBXContainerItemProxy section */
		4BF4FC922028AAC100A1E8F8 /* PBXContainerItemProxy */ = {
			isa = PBXContainerItemProxy;
			containerPortal = 4BF4FC752028AAC000A1E8F8 /* Project object */;
			proxyType = 1;
			remoteGlobalIDString = 4BF4FC7C2028AAC000A1E8F8;
			remoteInfo = Walt;
		};
		4BF4FC9D2028AAC100A1E8F8 /* PBXContainerItemProxy */ = {
			isa = PBXContainerItemProxy;
			containerPortal = 4BF4FC752028AAC000A1E8F8 /* Project object */;
			proxyType = 1;
			remoteGlobalIDString = 4BF4FC7C2028AAC000A1E8F8;
			remoteInfo = Walt;
		};
/* End PBXContainerItemProxy section */

/* Begin PBXFileReference section */
		4BF4FC7D2028AAC000A1E8F8 /* Walt.app */ = {isa = PBXFileReference; explicitFileType = wrapper.application; includeInIndex = 0; path = Walt.app; sourceTree = BUILT_PRODUCTS_DIR; };
		4BF4FC802028AAC000A1E8F8 /* AppDelegate.swift */ = {isa = PBXFileReference; lastKnownFileType = sourcecode.swift; path = AppDelegate.swift; sourceTree = "<group>"; };
		4BF4FC822028AAC000A1E8F8 /* ViewController.swift */ = {isa = PBXFileReference; lastKnownFileType = sourcecode.swift; path = ViewController.swift; sourceTree = "<group>"; };
		4BF4FC852028AAC000A1E8F8 /* Base */ = {isa = PBXFileReference; lastKnownFileType = file.storyboard; name = Base; path = Base.lproj/Main.storyboard; sourceTree = "<group>"; };
		4BF4FC872028AAC000A1E8F8 /* Assets.xcassets */ = {isa = PBXFileReference; lastKnownFileType = folder.assetcatalog; path = Assets.xcassets; sourceTree = "<group>"; };
		4BF4FC8A2028AAC000A1E8F8 /* Base */ = {isa = PBXFileReference; lastKnownFileType = file.storyboard; name = Base; path = Base.lproj/LaunchScreen.storyboard; sourceTree = "<group>"; };
		4BF4FC8C2028AAC000A1E8F8 /* Info.plist */ = {isa = PBXFileReference; lastKnownFileType = text.plist.xml; path = Info.plist; sourceTree = "<group>"; };
		4BF4FC912028AAC100A1E8F8 /* WaltTests.xctest */ = {isa = PBXFileReference; explicitFileType = wrapper.cfbundle; includeInIndex = 0; path = WaltTests.xctest; sourceTree = BUILT_PRODUCTS_DIR; };
		4BF4FC952028AAC100A1E8F8 /* WaltTests.swift */ = {isa = PBXFileReference; lastKnownFileType = sourcecode.swift; path = WaltTests.swift; sourceTree = "<group>"; };
		4BF4FC972028AAC100A1E8F8 /* Info.plist */ = {isa = PBXFileReference; lastKnownFileType = text.plist.xml; path = Info.plist; sourceTree = "<group>"; };
		4BF4FC9C2028AAC100A1E8F8 /* WaltUITests.xctest */ = {isa = PBXFileReference; explicitFileType = wrapper.cfbundle; includeInIndex = 0; path = WaltUITests.xctest; sourceTree = BUILT_PRODUCTS_DIR; };
		4BF4FCA02028AAC100A1E8F8 /* WaltUITests.swift */ = {isa = PBXFileReference; lastKnownFileType = sourcecode.swift; path = WaltUITests.swift; sourceTree = "<group>"; };
		4BF4FCA22028AAC100A1E8F8 /* Info.plist */ = {isa = PBXFileReference; lastKnownFileType = text.plist.xml; path = Info.plist; sourceTree = "<group>"; };
/* End PBXFileReference section */

/* Begin PBXFrameworksBuildPhase section */
		4BF4FC7A2028AAC000A1E8F8 /* Frameworks */ = {
			isa = PBXFrameworksBuildPhase;
			buildActionMask = 2147483647;
			files = (
			);
			runOnlyForDeploymentPostprocessing = 0;
		};
		4BF4FC8E2028AAC100A1E8F8 /* Frameworks */ = {
			isa = PBXFrameworksBuildPhase;
			buildActionMask = 2147483647;
			files = (
			);
			runOnlyForDeploymentPostprocessing = 0;
		};
		4BF4FC992028AAC100A1E8F8 /* Frameworks */ = {
			isa = PBXFrameworksBuildPhase;
			buildActionMask = 2147483647;
			files = (
			);
			runOnlyForDeploymentPostprocessing = 0;
		};
/* End PBXFrameworksBuildPhase section */

/* Begin PBXGroup section */
		4BF4FC742028AAC000A1E8F8 = {
			isa = PBXGroup;
			children = (
				4BF4FC7F2028AAC000A1E8F8 /* Walt */,
				4BF4FC942028AAC100A1E8F8 /* WaltTests */,
				4BF4FC9F2028AAC100A1E8F8 /* WaltUITests */,
				4BF4FC7E2028AAC000A1E8F8 /* Products */,
			);
			sourceTree = "<group>";
		};
		4BF4FC7E2028AAC000A1E8F8 /* Products */ = {
			isa = PBXGroup;
			children = (
				4BF4FC7D2028AAC000A1E8F8 /* Walt.app */,
				4BF4FC912028AAC100A1E8F8 /* WaltTests.xctest */,
				4BF4FC9C2028AAC100A1E8F8 /* WaltUITests.xctest */,
			);
			name = Products;
			sourceTree = "<group>";
		};
		4BF4FC7F2028AAC000A1E8F8 /* Walt */ = {
			isa = PBXGroup;
			children = (
				4BF4FC802028AAC000A1E8F8 /* AppDelegate.swift */,
				4BF4FC822028AAC000A1E8F8 /* ViewController.swift */,
				4BF4FC842028AAC000A1E8F8 /* Main.storyboard */,
				4BF4FC872028AAC000A1E8F8 /* Assets.xcassets */,
				4BF4FC892028AAC000A1E8F8 /* LaunchScreen.storyboard */,
				4BF4FC8C2028AAC000A1E8F8 /* Info.plist */,
			);
			path = Walt;
			sourceTree = "<group>";
		};
		4BF4FC942028AAC100A1E8F8 /* WaltTests */ = {
			isa = PBXGroup;
			children = (
				4BF4FC952028AAC100A1E8F8 /* WaltTests.swift */,
				4BF4FC972028AAC100A1E8F8 /* Info.plist */,
			);
			path = WaltTests;
			sourceTree = "<group>";
		};
		4BF4FC9F2028AAC100A1E8F8 /* WaltUITests */ = {
			isa = PBXGroup;
			children = (
				4BF4FCA02028AAC100A1E8F8 /* WaltUITests.swift */,
				4BF4FCA22028AAC100A1E8F8 /* Info.plist */,
			);
			path = WaltUITests;
			sourceTree = "<group>";
		};
/* End PBXGroup section */

/* Begin PBXNativeTarget section */
		4BF4FC7C2028AAC000A1E8F8 /* Walt */ = {
			isa = PBXNativeTarget;
			buildConfigurationList = 4BF4FCA52028AAC100A1E8F8 /* Build configuration list for PBXNativeTarget "Walt" */;
			buildPhases = (
				4BF4FC792028AAC000A1E8F8 /* Sources */,
				4BF4FC7A2028AAC000A1E8F8 /* Frameworks */,
				4BF4FC7B2028AAC000A1E8F8 /* Resources */,
			);
			buildRules = (
			);
			dependencies = (
			);
			name = Walt;
			productName = Walt;
			productReference = 4BF4FC7D2028AAC000A1E8F8 /* Walt.app */;
			productType = "com.apple.product-type.application";
		};
		4BF4FC902028AAC100A1E8F8 /* WaltTests */ = {
			isa = PBXNativeTarget;
			buildConfigurationList = 4BF4FCA82028AAC100A1E8F8 /* Build configuration list for PBXNativeTarget "WaltTests" */;
			buildPhases = (
				4BF4FC8D2028AAC100A1E8F8 /* Sources */,
				4BF4FC8E2028AAC100A1E8F8 /* Frameworks */,
				4BF4FC8F2028AAC100A1E8F8 /* Resources */,
			);
			buildRules = (
			);
			dependencies = (
				4BF4FC932028AAC100A1E8F8 /* PBXTargetDependency */,
			);
			name = WaltTests;
			productName = WaltTests;
			productReference = 4BF4FC912028AAC100A1E8F8 /* WaltTests.xctest */;
			productType = "com.apple.product-type.bundle.unit-test";
		};
		4BF4FC9B2028AAC100A1E8F8 /* WaltUITests */ = {
			isa = PBXNativeTarget;
			buildConfigurationList = 4BF4FCAB2028AAC100A1E8F8 /* Build configuration list for PBXNativeTarget "WaltUITests" */;
			buildPhases = (
				4BF4FC982028AAC100A1E8F8 /* Sources */,
				4BF4FC992028AAC100A1E8F8 /* Frameworks */,
				4BF4FC9A2028AAC100A1E8F8 /* Resources */,
			);
			buildRules = (
			);
			dependencies = (
				4BF4FC9E2028AAC100A1E8F8 /* PBXTargetDependency */,
			);
			name = WaltUITests;
			productName = WaltUITests;
			productReference = 4BF4FC9C2028AAC100A1E8F8 /* WaltUITests.xctest */;
			productType = "com.apple.product-type.bundle.ui-testing";
		};
/* End PBXNativeTarget section */

/* Begin PBXProject section */
		4BF4FC752028AAC000A1E8F8 /* Project object */ = {
			isa = PBXProject;
			attributes = {
				LastSwiftUpdateCheck = 0910;
				LastUpgradeCheck = 0910;
				ORGANIZATIONNAME = Walturn;
				TargetAttributes = {
					4BF4FC7C2028AAC000A1E8F8 = {
						CreatedOnToolsVersion = 9.1;
						ProvisioningStyle = Automatic;
					};
					4BF4FC902028AAC100A1E8F8 = {
						CreatedOnToolsVersion = 9.1;
						ProvisioningStyle = Automatic;
						TestTargetID = 4BF4FC7C2028AAC000A1E8F8;
					};
					4BF4FC9B2028AAC100A1E8F8 = {
						CreatedOnToolsVersion = 9.1;
						ProvisioningStyle = Automatic;
						TestTargetID = 4BF4FC7C2028AAC000A1E8F8;
					};
				};
			};
			buildConfigurationList = 4BF4FC782028AAC000A1E8F8 /* Build configuration list for PBXProject "Walt" */;
			compatibilityVersion = "Xcode 8.0";
			developmentRegion = en;
			hasScannedForEncodings = 0;
			knownRegions = (
				en,
				Base,
			);
			mainGroup = 4BF4FC742028AAC000A1E8F8;
			productRefGroup = 4BF4FC7E2028AAC000A1E8F8 /* Products */;
			projectDirPath = "";
			projectRoot = "";
			targets = (
				4BF4FC7C2028AAC000A1E8F8 /* Walt */,
				4BF4FC902028AAC100A1E8F8 /* WaltTests */,
				4BF4FC9B2028AAC100A1E8F8 /* WaltUITests */,
			);
		};
/* End PBXProject section */

/* Begin PBXResourcesBuildPhase section */
		4BF4FC7B2028AAC000A1E8F8 /* Resources */ = {
			isa = PBXResourcesBuildPhase;
			buildActionMask = 2147483647;
			files = (
				4BF4FC8B2028AAC000A1E8F8 /* LaunchScreen.storyboard in Resources */,
				4BF4FC882028AAC000A1E8F8 /* Assets.xcassets in Resources */,
				4BF4FC862028AAC000A1E8F8 /* Main.storyboard in Resources */,
			);
			runOnlyForDeploymentPostprocessing = 0;
		};
		4BF4FC8F2028AAC100A1E8F8 /* Resources */ = {
			isa = PBXResourcesBuildPhase;
			buildActionMask = 2147483647;
			files = (
			);
			runOnlyForDeploymentPostprocessing = 0;
		};
		4BF4FC9A2028AAC100A1E8F8 /* Resources */ = {
			isa = PBXResourcesBuildPhase;
			buildActionMask = 2147483647;
			files = (
			);
			runOnlyForDeploymentPostprocessing = 0;
		};
/* End PBXResourcesBuildPhase section */

/* Begin PBXSourcesBuildPhase section */
		4BF4FC792028AAC000A1E8F8 /* Sources */ = {
			isa = PBXSourcesBuildPhase;
			buildActionMask = 2147483647;
			files = (
				4BF4FC832028AAC000A1E8F8 /* ViewController.swift in Sources */,
				4BF4FC812028AAC000A1E8F8 /* AppDelegate.swift in Sources */,
			);
			runOnlyForDeploymentPostprocessing = 0;
		};
		4BF4FC8D2028AAC100A1E8F8 /* Sources */ = {
			isa = PBXSourcesBuildPhase;
			buildActionMask = 2147483647;
			files = (
				4BF4FC962028AAC100A1E8F8 /* WaltTests.swift in Sources */,
			);
			runOnlyForDeploymentPostprocessing = 0;
		};
		4BF4FC982028AAC100A1E8F8 /* Sources */ = {
			isa = PBXSourcesBuildPhase;
			buildActionMask = 2147483647;
			files = (
				4BF4FCA12028AAC100A1E8F8 /* WaltUITests.swift in Sources */,
			);
			runOnlyForDeploymentPostprocessing = 0;
		};
/* End PBXSourcesBuildPhase section */

/* Begin PBXTargetDependency section */
		4BF4FC932028AAC100A1E8F8 /* PBXTargetDependency */ = {
			isa = PBXTargetDependency;
			target = 4BF4FC7C2028AAC000A1E8F8 /* Walt */;
			targetProxy = 4BF4FC922028AAC100A1E8F8 /* PBXContainerItemProxy */;
		};
		4BF4FC9E2028AAC100A1E8F8 /* PBXTargetDependency */ = {
			isa = PBXTargetDependency;
			target = 4BF4FC7C2028AAC000A1E8F8 /* Walt */;
			targetProxy = 4BF4FC9D2028AAC100A1E8F8 /* PBXContainerItemProxy */;
		};
/* End PBXTargetDependency section */

/* Begin PBXVariantGroup section */
		4BF4FC842028AAC000A1E8F8 /* Main.storyboard */ = {
			isa = PBXVariantGroup;
			children = (
				4BF4FC852028AAC000A1E8F8 /* Base */,
			);
			name = Main.storyboard;
			sourceTree = "<group>";
		};
		4BF4FC892028AAC000A1E8F8 /* LaunchScreen.storyboard */ = {
			isa = PBXVariantGroup;
			children = (
				4BF4FC8A2028AAC000A1E8F8 /* Base */,
			);
			name = LaunchScreen.storyboard;
			sourceTree = "<group>";
		};
/* End PBXVariantGroup section */

/* Begin XCBuildConfiguration section */
		4BF4FCA32028AAC100A1E8F8 /* Debug */ = {
			isa = XCBuildConfiguration;
			buildSettings = {
				ALWAYS_SEARCH_USER_PATHS = NO;
				CLANG_ANALYZER_NONNULL = YES;
				CLANG_ANALYZER_NUMBER_OBJECT_CONVERSION = YES_AGGRESSIVE;
				CLANG_CXX_LANGUAGE_STANDARD = "gnu++14";
				CLANG_CXX_LIBRARY = "libc++";
				CLANG_ENABLE_MODULES = YES;
				CLANG_ENABLE_OBJC_ARC = YES;
				CLANG_WARN_BLOCK_CAPTURE_AUTORELEASING = YES;
				CLANG_WARN_BOOL_CONVERSION = YES;
				CLANG_WARN_COMMA = YES;
				CLANG_WARN_CONSTANT_CONVERSION = YES;
				CLANG_WARN_DIRECT_OBJC_ISA_USAGE = YES_ERROR;
				CLANG_WARN_DOCUMENTATION_COMMENTS = YES;
				CLANG_WARN_EMPTY_BODY = YES;
				CLANG_WARN_ENUM_CONVERSION = YES;
				CLANG_WARN_INFINITE_RECURSION = YES;
				CLANG_WARN_INT_CONVERSION = YES;
				CLANG_WARN_NON_LITERAL_NULL_CONVERSION = YES;
				CLANG_WARN_OBJC_LITERAL_CONVERSION = YES;
				CLANG_WARN_OBJC_ROOT_CLASS = YES_ERROR;
				CLANG_WARN_RANGE_LOOP_ANALYSIS = YES;
				CLANG_WARN_STRICT_PROTOTYPES = YES;
				CLANG_WARN_SUSPICIOUS_MOVE = YES;
				CLANG_WARN_UNGUARDED_AVAILABILITY = YES_AGGRESSIVE;
				CLANG_WARN_UNREACHABLE_CODE = YES;
				CLANG_WARN__DUPLICATE_METHOD_MATCH = YES;
				CODE_SIGN_IDENTITY = "iPhone Developer";
				COPY_PHASE_STRIP = NO;
				DEBUG_INFORMATION_FORMAT = dwarf;
				ENABLE_STRICT_OBJC_MSGSEND = YES;
				ENABLE_TESTABILITY = YES;
				GCC_C_LANGUAGE_STANDARD = gnu11;
				GCC_DYNAMIC_NO_PIC = NO;
				GCC_NO_COMMON_BLOCKS = YES;
				GCC_OPTIMIZATION_LEVEL = 0;
				GCC_PREPROCESSOR_DEFINITIONS = (
					"DEBUG=1",
					"$(inherited)",
				);
				GCC_WARN_64_TO_32_BIT_CONVERSION = YES;
				GCC_WARN_ABOUT_RETURN_TYPE = YES_ERROR;
				GCC_WARN_UNDECLARED_SELECTOR = YES;
				GCC_WARN_UNINITIALIZED_AUTOS = YES_AGGRESSIVE;
				GCC_WARN_UNUSED_FUNCTION = YES;
				GCC_WARN_UNUSED_VARIABLE = YES;
				IPHONEOS_DEPLOYMENT_TARGET = 11.1;
				MTL_ENABLE_DEBUG_INFO = YES;
				ONLY_ACTIVE_ARCH = YES;
				SDKROOT = iphoneos;
				SWIFT_ACTIVE_COMPILATION_CONDITIONS = DEBUG;
				SWIFT_OPTIMIZATION_LEVEL = "-Onone";
			};
			name = Debug;
		};
		4BF4FCA42028AAC100A1E8F8 /* Release */ = {
			isa = XCBuildConfiguration;
			buildSettings = {
				ALWAYS_SEARCH_USER_PATHS = NO;
				CLANG_ANALYZER_NONNULL = YES;
				CLANG_ANALYZER_NUMBER_OBJECT_CONVERSION = YES_AGGRESSIVE;
				CLANG_CXX_LANGUAGE_STANDARD = "gnu++14";
				CLANG_CXX_LIBRARY = "libc++";
				CLANG_ENABLE_MODULES = YES;
				CLANG_ENABLE_OBJC_ARC = YES;
				CLANG_WARN_BLOCK_CAPTURE_AUTORELEASING = YES;
				CLANG_WARN_BOOL_CONVERSION = YES;
				CLANG_WARN_COMMA = YES;
				CLANG_WARN_CONSTANT_CONVERSION = YES;
				CLANG_WARN_DIRECT_OBJC_ISA_USAGE = YES_ERROR;
				CLANG_WARN_DOCUMENTATION_COMMENTS = YES;
				CLANG_WARN_EMPTY_BODY = YES;
				CLANG_WARN_ENUM_CONVERSION = YES;
				CLANG_WARN_INFINITE_RECURSION = YES;
				CLANG_WARN_INT_CONVERSION = YES;
				CLANG_WARN_NON_LITERAL_NULL_CONVERSION = YES;
				CLANG_WARN_OBJC_LITERAL_CONVERSION = YES;
				CLANG_WARN_OBJC_ROOT_CLASS = YES_ERROR;
				CLANG_WARN_RANGE_LOOP_ANALYSIS = YES;
				CLANG_WARN_STRICT_PROTOTYPES = YES;
				CLANG_WARN_SUSPICIOUS_MOVE = YES;
				CLANG_WARN_UNGUARDED_AVAILABILITY = YES_AGGRESSIVE;
				CLANG_WARN_UNREACHABLE_CODE = YES;
				CLANG_WARN__DUPLICATE_METHOD_MATCH = YES;
				CODE_SIGN_IDENTITY = "iPhone Developer";
				COPY_PHASE_STRIP = NO;
				DEBUG_INFORMATION_FORMAT = "dwarf-with-dsym";
				ENABLE_NS_ASSERTIONS = NO;
				ENABLE_STRICT_OBJC_MSGSEND = YES;
				GCC_C_LANGUAGE_STANDARD = gnu11;
				GCC_NO_COMMON_BLOCKS = YES;
				GCC_WARN_64_TO_32_BIT_CONVERSION = YES;
				GCC_WARN_ABOUT_RETURN_TYPE = YES_ERROR;
				GCC_WARN_UNDECLARED_SELECTOR = YES;
				GCC_WARN_UNINITIALIZED_AUTOS = YES_AGGRESSIVE;
				GCC_WARN_UNUSED_FUNCTION = YES;
				GCC_WARN_UNUSED_VARIABLE = YES;
				IPHONEOS_DEPLOYMENT_TARGET = 11.1;
				MTL_ENABLE_DEBUG_INFO = NO;
				SDKROOT = iphoneos;
				SWIFT_OPTIMIZATION_LEVEL = "-Owholemodule";
				VALIDATE_PRODUCT = YES;
			};
			name = Release;
		};
		4BF4FCA62028AAC100A1E8F8 /* Debug */ = {
			isa = XCBuildConfiguration;
			buildSettings = {
				ASSETCATALOG_COMPILER_APPICON_NAME = AppIcon;
				CODE_SIGN_STYLE = Automatic;
				INFOPLIST_FILE = Walt/Info.plist;
				LD_RUNPATH_SEARCH_PATHS = "$(inherited) @executable_path/Frameworks";
				PRODUCT_BUNDLE_IDENTIFIER = Walturn.Walt;
				PRODUCT_NAME = "$(TARGET_NAME)";
				SWIFT_VERSION = 4.0;
				TARGETED_DEVICE_FAMILY = "1,2";
			};
			name = Debug;
		};
		4BF4FCA72028AAC100A1E8F8 /* Release */ = {
			isa = XCBuildConfiguration;
			buildSettings = {
				ASSETCATALOG_COMPILER_APPICON_NAME = AppIcon;
				CODE_SIGN_STYLE = Automatic;
				INFOPLIST_FILE = Walt/Info.plist;
				LD_RUNPATH_SEARCH_PATHS = "$(inherited) @executable_path/Frameworks";
				PRODUCT_BUNDLE_IDENTIFIER = Walturn.Walt;
				PRODUCT_NAME = "$(TARGET_NAME)";
				SWIFT_VERSION = 4.0;
				TARGETED_DEVICE_FAMILY = "1,2";
			};
			name = Release;
		};
		4BF4FCA92028AAC100A1E8F8 /* Debug */ = {
			isa = XCBuildConfiguration;
			buildSettings = {
				ALWAYS_EMBED_SWIFT_STANDARD_LIBRARIES = YES;
				BUNDLE_LOADER = "$(TEST_HOST)";
				CODE_SIGN_STYLE = Automatic;
				INFOPLIST_FILE = WaltTests/Info.plist;
				LD_RUNPATH_SEARCH_PATHS = "$(inherited) @executable_path/Frameworks @loader_path/Frameworks";
				PRODUCT_BUNDLE_IDENTIFIER = Walturn.WaltTests;
				PRODUCT_NAME = "$(TARGET_NAME)";
				SWIFT_VERSION = 4.0;
				TARGETED_DEVICE_FAMILY = "1,2";
				TEST_HOST = "$(BUILT_PRODUCTS_DIR)/Walt.app/Walt";
			};
			name = Debug;
		};
		4BF4FCAA2028AAC100A1E8F8 /* Release */ = {
			isa = XCBuildConfiguration;
			buildSettings = {
				ALWAYS_EMBED_SWIFT_STANDARD_LIBRARIES = YES;
				BUNDLE_LOADER = "$(TEST_HOST)";
				CODE_SIGN_STYLE = Automatic;
				INFOPLIST_FILE = WaltTests/Info.plist;
				LD_RUNPATH_SEARCH_PATHS = "$(inherited) @executable_path/Frameworks @loader_path/Frameworks";
				PRODUCT_BUNDLE_IDENTIFIER = Walturn.WaltTests;
				PRODUCT_NAME = "$(TARGET_NAME)";
				SWIFT_VERSION = 4.0;
				TARGETED_DEVICE_FAMILY = "1,2";
				TEST_HOST = "$(BUILT_PRODUCTS_DIR)/Walt.app/Walt";
			};
			name = Release;
		};
		4BF4FCAC2028AAC100A1E8F8 /* Debug */ = {
			isa = XCBuildConfiguration;
			buildSettings = {
				ALWAYS_EMBED_SWIFT_STANDARD_LIBRARIES = YES;
				CODE_SIGN_STYLE = Automatic;
				INFOPLIST_FILE = WaltUITests/Info.plist;
				LD_RUNPATH_SEARCH_PATHS = "$(inherited) @executable_path/Frameworks @loader_path/Frameworks";
				PRODUCT_BUNDLE_IDENTIFIER = Walturn.WaltUITests;
				PRODUCT_NAME = "$(TARGET_NAME)";
				SWIFT_VERSION = 4.0;
				TARGETED_DEVICE_FAMILY = "1,2";
				TEST_TARGET_NAME = Walt;
			};
			name = Debug;
		};
		4BF4FCAD2028AAC100A1E8F8 /* Release */ = {
			isa = XCBuildConfiguration;
			buildSettings = {
				ALWAYS_EMBED_SWIFT_STANDARD_LIBRARIES = YES;
				CODE_SIGN_STYLE = Automatic;
				INFOPLIST_FILE = WaltUITests/Info.plist;
				LD_RUNPATH_SEARCH_PATHS = "$(inherited) @executable_path/Frameworks @loader_path/Frameworks";
				PRODUCT_BUNDLE_IDENTIFIER = Walturn.WaltUITests;
				PRODUCT_NAME = "$(TARGET_NAME)";
				SWIFT_VERSION = 4.0;
				TARGETED_DEVICE_FAMILY = "1,2";
				TEST_TARGET_NAME = Walt;
			};
			name = Release;
		};
/* End XCBuildConfiguration section */

/* Begin XCConfigurationList section */
		4BF4FC782028AAC000A1E8F8 /* Build configuration list for PBXProject "Walt" */ = {
			isa = XCConfigurationList;
			buildConfigurations = (
				4BF4FCA32028AAC100A1E8F8 /* Debug */,
				4BF4FCA42028AAC100A1E8F8 /* Release */,
			);
			defaultConfigurationIsVisible = 0;
			defaultConfigurationName = Release;
		};
		4BF4FCA52028AAC100A1E8F8 /* Build configuration list for PBXNativeTarget "Walt" */ = {
			isa = XCConfigurationList;
			buildConfigurations = (
				4BF4FCA62028AAC100A1E8F8 /* Debug */,
				4BF4FCA72028AAC100A1E8F8 /* Release */,
			);
			defaultConfigurationIsVisible = 0;
			defaultConfigurationName = Release;
		};
		4BF4FCA82028AAC100A1E8F8 /* Build configuration list for PBXNativeTarget "WaltTests" */ = {
			isa = XCConfigurationList;
			buildConfigurations = (
				4BF4FCA92028AAC100A1E8F8 /* Debug */,
				4BF4FCAA2028AAC100A1E8F8 /* Release */,
			);
			defaultConfigurationIsVisible = 0;
			defaultConfigurationName = Release;
		};
		4BF4FCAB2028AAC100A1E8F8 /* Build configuration list for PBXNativeTarget "WaltUITests" */ = {
			isa = XCConfigurationList;
			buildConfigurations = (
				4BF4FCAC2028AAC100A1E8F8 /* Debug */,
				4BF4FCAD2028AAC100A1E8F8 /* Release */,
			);
			defaultConfigurationIsVisible = 0;
			defaultConfigurationName = Release;
		};
/* End XCConfigurationList section */
	};
	rootObject = 4BF4FC752028AAC000A1E8F8 /* Project object */;
}
